
Microsoft Visual Studio Solution File, Format Version 12.00
# Visual Studio Version 16
VisualStudioVersion = 16.0.31321.278
MinimumVisualStudioVersion = 10.0.40219.1
Project("{2150E333-8FDC-42A3-9474-1A3956D46DE8}") = "src", "src", "{0D441A1B-CC6A-46D3-AC78-5B2B14D5895E}"
EndProject
Project("{2150E333-8FDC-42A3-9474-1A3956D46DE8}") = "apps", "apps", "{BC1E0975-788E-4619-92CF-FBF747BDDDFA}"
EndProject
Project("{FAE04EC0-301F-11D3-BF4B-00C04F79EFBC}") = "TodoList", "TodoList\TodoList.csproj", "{A2E12141-64F8-4225-BF3C-2876147FC6DF}"
EndProject
Project("{FAE04EC0-301F-11D3-BF4B-00C04F79EFBC}") = "Shared", "Shared\Shared.csproj", "{94FC6153-8A4D-425A-AA32-0BD1CEEAC900}"
EndProject
Global
	GlobalSection(SolutionConfigurationPlatforms) = preSolution
		Debug|Any CPU = Debug|Any CPU
		Release|Any CPU = Release|Any CPU
	EndGlobalSection
	GlobalSection(ProjectConfigurationPlatforms) = postSolution
		{A2E12141-64F8-4225-BF3C-2876147FC6DF}.Debug|Any CPU.ActiveCfg = Debug|Any CPU
		{A2E12141-64F8-4225-BF3C-2876147FC6DF}.Debug|Any CPU.Build.0 = Debug|Any CPU
		{A2E12141-64F8-4225-BF3C-2876147FC6DF}.Release|Any CPU.ActiveCfg = Release|Any CPU
		{A2E12141-64F8-4225-BF3C-2876147FC6DF}.Release|Any CPU.Build.0 = Release|Any CPU
		{94FC6153-8A4D-425A-AA32-0BD1CEEAC900}.Debug|Any CPU.ActiveCfg = Debug|Any CPU
		{94FC6153-8A4D-425A-AA32-0BD1CEEAC900}.Debug|Any CPU.Build.0 = Debug|Any CPU
		{94FC6153-8A4D-425A-AA32-0BD1CEEAC900}.Release|Any CPU.ActiveCfg = Release|Any CPU
		{94FC6153-8A4D-425A-AA32-0BD1CEEAC900}.Release|Any CPU.Build.0 = Release|Any CPU
	EndGlobalSection
	GlobalSection(SolutionProperties) = preSolution
		HideSolutionNode = FALSE
	EndGlobalSection
	GlobalSection(NestedProjects) = preSolution
		{A2E12141-64F8-4225-BF3C-2876147FC6DF} = {0D441A1B-CC6A-46D3-AC78-5B2B14D5895E}
		{94FC6153-8A4D-425A-AA32-0BD1CEEAC900} = {0D441A1B-CC6A-46D3-AC78-5B2B14D5895E}
	EndGlobalSection
	GlobalSection(ExtensibilityGlobals) = postSolution
		SolutionGuid = {76C04554-728E-4A9A-AC6D-1745BC19511E}
	EndGlobalSection
EndGlobal
